
Microsoft Visual Studio Solution File, Format Version 11.00
# Visual Studio 2010
Project("{FAE04EC0-301F-11D3-BF4B-00C04F79EFBC}") = "Assembly-CSharp", "Assembly-CSharp.csproj", "{f0a50a18-c18a-e3ea-a2db-b9ef2fca892a}"
EndProject
Project("{FAE04EC0-301F-11D3-BF4B-00C04F79EFBC}") = "Assembly-CSharp-Editor", "Assembly-CSharp-Editor.csproj", "{e4d0ee32-f56a-7230-151f-906d296479e0}"
EndProject
Global
	GlobalSection(SolutionConfigurationPlatforms) = preSolution
		Debug|Any CPU = Debug|Any CPU
	EndGlobalSection
	GlobalSection(ProjectConfigurationPlatforms) = postSolution
		{f0a50a18-c18a-e3ea-a2db-b9ef2fca892a}.Debug|Any CPU.ActiveCfg = Debug|Any CPU
		{f0a50a18-c18a-e3ea-a2db-b9ef2fca892a}.Debug|Any CPU.Build.0 = Debug|Any CPU
		{e4d0ee32-f56a-7230-151f-906d296479e0}.Debug|Any CPU.ActiveCfg = Debug|Any CPU
		{e4d0ee32-f56a-7230-151f-906d296479e0}.Debug|Any CPU.Build.0 = Debug|Any CPU
	EndGlobalSection
	GlobalSection(SolutionProperties) = preSolution
		HideSolutionNode = FALSE
	EndGlobalSection
EndGlobal
